
Microsoft Visual Studio Solution File, Format Version 12.00
# Visual Studio Version 17
VisualStudioVersion = 17.8.34511.84
MinimumVisualStudioVersion = 10.0.40219.1
Project("{9A19103F-16F7-4668-BE54-9A1E7A4F7556}") = "LogiTrack", "LogiTrack.csproj", "{F0A6D9A4-BAA3-4C2F-872C-94F5BB3BF6A3}"
	ProjectSection(ProjectDependencies) = postProject
		{E4A1B116-D5B7-423A-8234-71214E28DB62} = {E4A1B116-D5B7-423A-8234-71214E28DB62}
	EndProjectSection
EndProject
Project("{9A19103F-16F7-4668-BE54-9A1E7A4F7556}") = "LogiTrack.Core", "..\LogiTrack.Core\LogiTrack.Core.csproj", "{390990C6-1134-43A8-A4D0-D717646733D5}"
EndProject
Project("{9A19103F-16F7-4668-BE54-9A1E7A4F7556}") = "LogiTrack.Infrastructure", "..\LogiTrack.Infrastructure\LogiTrack.Infrastructure.csproj", "{E4A1B116-D5B7-423A-8234-71214E28DB62}"
EndProject
Project("{FAE04EC0-301F-11D3-BF4B-00C04F79EFBC}") = "LogiTrack.Tests", "..\LogiTrack.Tests\LogiTrack.Tests.csproj", "{4984280D-0F98-4F95-A9BF-164E68C4FACE}"
EndProject
Global
	GlobalSection(SolutionConfigurationPlatforms) = preSolution
		Debug|Any CPU = Debug|Any CPU
		Release|Any CPU = Release|Any CPU
	EndGlobalSection
	GlobalSection(ProjectConfigurationPlatforms) = postSolution
		{F0A6D9A4-BAA3-4C2F-872C-94F5BB3BF6A3}.Debug|Any CPU.ActiveCfg = Debug|Any CPU
		{F0A6D9A4-BAA3-4C2F-872C-94F5BB3BF6A3}.Debug|Any CPU.Build.0 = Debug|Any CPU
		{F0A6D9A4-BAA3-4C2F-872C-94F5BB3BF6A3}.Release|Any CPU.ActiveCfg = Release|Any CPU
		{F0A6D9A4-BAA3-4C2F-872C-94F5BB3BF6A3}.Release|Any CPU.Build.0 = Release|Any CPU
		{390990C6-1134-43A8-A4D0-D717646733D5}.Debug|Any CPU.ActiveCfg = Debug|Any CPU
		{390990C6-1134-43A8-A4D0-D717646733D5}.Debug|Any CPU.Build.0 = Debug|Any CPU
		{390990C6-1134-43A8-A4D0-D717646733D5}.Release|Any CPU.ActiveCfg = Release|Any CPU
		{390990C6-1134-43A8-A4D0-D717646733D5}.Release|Any CPU.Build.0 = Release|Any CPU
		{E4A1B116-D5B7-423A-8234-71214E28DB62}.Debug|Any CPU.ActiveCfg = Debug|Any CPU
		{E4A1B116-D5B7-423A-8234-71214E28DB62}.Debug|Any CPU.Build.0 = Debug|Any CPU
		{E4A1B116-D5B7-423A-8234-71214E28DB62}.Release|Any CPU.ActiveCfg = Release|Any CPU
		{E4A1B116-D5B7-423A-8234-71214E28DB62}.Release|Any CPU.Build.0 = Release|Any CPU
		{4984280D-0F98-4F95-A9BF-164E68C4FACE}.Debug|Any CPU.ActiveCfg = Debug|Any CPU
		{4984280D-0F98-4F95-A9BF-164E68C4FACE}.Debug|Any CPU.Build.0 = Debug|Any CPU
		{4984280D-0F98-4F95-A9BF-164E68C4FACE}.Release|Any CPU.ActiveCfg = Release|Any CPU
		{4984280D-0F98-4F95-A9BF-164E68C4FACE}.Release|Any CPU.Build.0 = Release|Any CPU
	EndGlobalSection
	GlobalSection(SolutionProperties) = preSolution
		HideSolutionNode = FALSE
	EndGlobalSection
	GlobalSection(ExtensibilityGlobals) = postSolution
		SolutionGuid = {B510E787-371B-4390-B9BC-FE846DB43948}
	EndGlobalSection
EndGlobal
